
Microsoft Visual Studio Solution File, Format Version 12.00
# Visual Studio Version 16
VisualStudioVersion = 16.0.30611.23
MinimumVisualStudioVersion = 10.0.40219.1
Project("{9A19103F-16F7-4668-BE54-9A1E7A4F7556}") = "API", "src\API\API.csproj", "{0C153ECE-194D-448A-8748-5DFA1AC73E77}"
EndProject
Project("{9A19103F-16F7-4668-BE54-9A1E7A4F7556}") = "Business", "src\Business\Business.csproj", "{B6D38B4C-FE9B-4498-B81D-D624AF71A91A}"
EndProject
Project("{9A19103F-16F7-4668-BE54-9A1E7A4F7556}") = "Data", "src\Data\Data.csproj", "{C91EABCE-2EBB-4CFA-A502-6EF767B7614F}"
EndProject
Global
	GlobalSection(SolutionConfigurationPlatforms) = preSolution
		Debug|Any CPU = Debug|Any CPU
		Release|Any CPU = Release|Any CPU
	EndGlobalSection
	GlobalSection(ProjectConfigurationPlatforms) = postSolution
		{0C153ECE-194D-448A-8748-5DFA1AC73E77}.Debug|Any CPU.ActiveCfg = Debug|Any CPU
		{0C153ECE-194D-448A-8748-5DFA1AC73E77}.Debug|Any CPU.Build.0 = Debug|Any CPU
		{0C153ECE-194D-448A-8748-5DFA1AC73E77}.Release|Any CPU.ActiveCfg = Release|Any CPU
		{0C153ECE-194D-448A-8748-5DFA1AC73E77}.Release|Any CPU.Build.0 = Release|Any CPU
		{B6D38B4C-FE9B-4498-B81D-D624AF71A91A}.Debug|Any CPU.ActiveCfg = Debug|Any CPU
		{B6D38B4C-FE9B-4498-B81D-D624AF71A91A}.Debug|Any CPU.Build.0 = Debug|Any CPU
		{B6D38B4C-FE9B-4498-B81D-D624AF71A91A}.Release|Any CPU.ActiveCfg = Release|Any CPU
		{B6D38B4C-FE9B-4498-B81D-D624AF71A91A}.Release|Any CPU.Build.0 = Release|Any CPU
		{C91EABCE-2EBB-4CFA-A502-6EF767B7614F}.Debug|Any CPU.ActiveCfg = Debug|Any CPU
		{C91EABCE-2EBB-4CFA-A502-6EF767B7614F}.Debug|Any CPU.Build.0 = Debug|Any CPU
		{C91EABCE-2EBB-4CFA-A502-6EF767B7614F}.Release|Any CPU.ActiveCfg = Release|Any CPU
		{C91EABCE-2EBB-4CFA-A502-6EF767B7614F}.Release|Any CPU.Build.0 = Release|Any CPU
	EndGlobalSection
	GlobalSection(SolutionProperties) = preSolution
		HideSolutionNode = FALSE
	EndGlobalSection
	GlobalSection(ExtensibilityGlobals) = postSolution
		SolutionGuid = {A7675B81-43BD-4691-80F9-9CDEE23D64F5}
	EndGlobalSection
EndGlobal
